
Microsoft Visual Studio Solution File, Format Version 12.00
Project("{FAE04EC0-301F-11D3-BF4B-00C04F79EFBC}") = "SpanBridge", "src\SpanBridge\SpanBridge.csproj", "{C1257A7E-D9A3-418D-AF36-00B881D0C2FA}"
EndProject
Project("{FAE04EC0-301F-11D3-BF4B-00C04F79EFBC}") = "SpanBridge.Tests", "src\SpanBridge.Tests\SpanBridge.Tests.csproj", "{23DAF5BB-B5A7-4DD9-AF25-4FB16B8E79D1}"
EndProject
Global
	GlobalSection(SolutionConfigurationPlatforms) = preSolution
		Debug|Any CPU = Debug|Any CPU
		Release|Any CPU = Release|Any CPU
	EndGlobalSection
	GlobalSection(ProjectConfigurationPlatforms) = postSolution
		{C1257A7E-D9A3-418D-AF36-00B881D0C2FA}.Debug|Any CPU.ActiveCfg = Debug|Any CPU
		{C1257A7E-D9A3-418D-AF36-00B881D0C2FA}.Debug|Any CPU.Build.0 = Debug|Any CPU
		{C1257A7E-D9A3-418D-AF36-00B881D0C2FA}.Release|Any CPU.ActiveCfg = Release|Any CPU
		{C1257A7E-D9A3-418D-AF36-00B881D0C2FA}.Release|Any CPU.Build.0 = Release|Any CPU
		{23DAF5BB-B5A7-4DD9-AF25-4FB16B8E79D1}.Debug|Any CPU.ActiveCfg = Debug|Any CPU
		{23DAF5BB-B5A7-4DD9-AF25-4FB16B8E79D1}.Debug|Any CPU.Build.0 = Debug|Any CPU
		{23DAF5BB-B5A7-4DD9-AF25-4FB16B8E79D1}.Release|Any CPU.ActiveCfg = Release|Any CPU
		{23DAF5BB-B5A7-4DD9-AF25-4FB16B8E79D1}.Release|Any CPU.Build.0 = Release|Any CPU
	EndGlobalSection
EndGlobal
